
Microsoft Visual Studio Solution File, Format Version 12.00
# Visual Studio 15
VisualStudioVersion = 15.0.28307.421
MinimumVisualStudioVersion = 10.0.40219.1
Project("{8BC9CEB8-8B4A-11D0-8D11-00A0C91BC942}") = "Øving 6", "Øving 6\Øving 6.vcxproj", "{D3DBCF22-5F03-40B1-B01C-1DDD64705604}"
EndProject
Project("{8BC9CEB8-8B4A-11D0-8D11-00A0C91BC942}") = "Øving 7", "Øving 7\Øving 7.vcxproj", "{413EA639-891C-410E-BDD3-0F42AAECBCA0}"
EndProject
Project("{8BC9CEB8-8B4A-11D0-8D11-00A0C91BC942}") = "Øving 4 grafikk", "Øving 4 grafikk\Øving 4 grafikk.vcxproj", "{EF16340E-6C27-4703-8468-36C5BDA9DC62}"
EndProject
Global
	GlobalSection(SolutionConfigurationPlatforms) = preSolution
		Debug|x64 = Debug|x64
		Debug|x86 = Debug|x86
		Release|x64 = Release|x64
		Release|x86 = Release|x86
	EndGlobalSection
	GlobalSection(ProjectConfigurationPlatforms) = postSolution
		{D3DBCF22-5F03-40B1-B01C-1DDD64705604}.Debug|x64.ActiveCfg = Debug|x64
		{D3DBCF22-5F03-40B1-B01C-1DDD64705604}.Debug|x64.Build.0 = Debug|x64
		{D3DBCF22-5F03-40B1-B01C-1DDD64705604}.Debug|x86.ActiveCfg = Debug|Win32
		{D3DBCF22-5F03-40B1-B01C-1DDD64705604}.Debug|x86.Build.0 = Debug|Win32
		{D3DBCF22-5F03-40B1-B01C-1DDD64705604}.Release|x64.ActiveCfg = Release|x64
		{D3DBCF22-5F03-40B1-B01C-1DDD64705604}.Release|x64.Build.0 = Release|x64
		{D3DBCF22-5F03-40B1-B01C-1DDD64705604}.Release|x86.ActiveCfg = Release|Win32
		{D3DBCF22-5F03-40B1-B01C-1DDD64705604}.Release|x86.Build.0 = Release|Win32
		{413EA639-891C-410E-BDD3-0F42AAECBCA0}.Debug|x64.ActiveCfg = Debug|x64
		{413EA639-891C-410E-BDD3-0F42AAECBCA0}.Debug|x64.Build.0 = Debug|x64
		{413EA639-891C-410E-BDD3-0F42AAECBCA0}.Debug|x86.ActiveCfg = Debug|Win32
		{413EA639-891C-410E-BDD3-0F42AAECBCA0}.Debug|x86.Build.0 = Debug|Win32
		{413EA639-891C-410E-BDD3-0F42AAECBCA0}.Release|x64.ActiveCfg = Release|x64
		{413EA639-891C-410E-BDD3-0F42AAECBCA0}.Release|x64.Build.0 = Release|x64
		{413EA639-891C-410E-BDD3-0F42AAECBCA0}.Release|x86.ActiveCfg = Release|Win32
		{413EA639-891C-410E-BDD3-0F42AAECBCA0}.Release|x86.Build.0 = Release|Win32
		{EF16340E-6C27-4703-8468-36C5BDA9DC62}.Debug|x64.ActiveCfg = Debug|x64
		{EF16340E-6C27-4703-8468-36C5BDA9DC62}.Debug|x64.Build.0 = Debug|x64
		{EF16340E-6C27-4703-8468-36C5BDA9DC62}.Debug|x86.ActiveCfg = Debug|Win32
		{EF16340E-6C27-4703-8468-36C5BDA9DC62}.Debug|x86.Build.0 = Debug|Win32
		{EF16340E-6C27-4703-8468-36C5BDA9DC62}.Release|x64.ActiveCfg = Release|x64
		{EF16340E-6C27-4703-8468-36C5BDA9DC62}.Release|x64.Build.0 = Release|x64
		{EF16340E-6C27-4703-8468-36C5BDA9DC62}.Release|x86.ActiveCfg = Release|Win32
		{EF16340E-6C27-4703-8468-36C5BDA9DC62}.Release|x86.Build.0 = Release|Win32
	EndGlobalSection
	GlobalSection(SolutionProperties) = preSolution
		HideSolutionNode = FALSE
	EndGlobalSection
	GlobalSection(ExtensibilityGlobals) = postSolution
		SolutionGuid = {727D4910-4297-4772-BA43-463C10C6F2B0}
	EndGlobalSection
EndGlobal
